// !$*UTF8*$!
{
	archiveVersion = 1;
	classes = {
	};
	objectVersion = 50;
	objects = {

/* Begin PBXBuildFile section */
		CE0B43D226501FA20005C194 /* HistoricalEvent.swift in Sources */ = {isa = PBXBuildFile; fileRef = CE0B43D126501FA20005C194 /* HistoricalEvent.swift */; };
		CE0B43D426501FF40005C194 /* historicalEvents.json in Resources */ = {isa = PBXBuildFile; fileRef = CE0B43D326501FF40005C194 /* historicalEvents.json */; };
		CE0B43D72650227B0005C194 /* HistoricalEventsVC.swift in Sources */ = {isa = PBXBuildFile; fileRef = CE0B43D62650227B0005C194 /* HistoricalEventsVC.swift */; };
		CE0B43D9265026FA0005C194 /* HistoricalEventCell.swift in Sources */ = {isa = PBXBuildFile; fileRef = CE0B43D8265026FA0005C194 /* HistoricalEventCell.swift */; };
		CE21B745264D436000C06DC4 /* PersonDetail.swift in Sources */ = {isa = PBXBuildFile; fileRef = CE21B744264D436000C06DC4 /* PersonDetail.swift */; };
		CE21B748264D54E000C06DC4 /* PersonDetailCell.swift in Sources */ = {isa = PBXBuildFile; fileRef = CE21B746264D54E000C06DC4 /* PersonDetailCell.swift */; };
		CE2238D7261F2BF40045C287 /* MapDetailVC.swift in Sources */ = {isa = PBXBuildFile; fileRef = CE2238D6261F2BF40045C287 /* MapDetailVC.swift */; };
		CE2238DA261F3C2A0045C287 /* PhotoCell.swift in Sources */ = {isa = PBXBuildFile; fileRef = CE2238D8261F3C2A0045C287 /* PhotoCell.swift */; };
		CE2238DB261F3C2A0045C287 /* PhotoCell.xib in Resources */ = {isa = PBXBuildFile; fileRef = CE2238D9261F3C2A0045C287 /* PhotoCell.xib */; };
		CE27C0D3264B166800CC8B98 /* PersonVC.swift in Sources */ = {isa = PBXBuildFile; fileRef = CE27C0D2264B166800CC8B98 /* PersonVC.swift */; };
		CE34B666265250F700AF2E64 /* Extensions.swift in Sources */ = {isa = PBXBuildFile; fileRef = CE34B665265250F700AF2E64 /* Extensions.swift */; };
		CE34B66826525AE500AF2E64 /* HistoricalEventsDetail.swift in Sources */ = {isa = PBXBuildFile; fileRef = CE34B66726525AE500AF2E64 /* HistoricalEventsDetail.swift */; };
		CE34B66C26526A8900AF2E64 /* HistoricalEventsDetailCell.swift in Sources */ = {isa = PBXBuildFile; fileRef = CE34B66B26526A8900AF2E64 /* HistoricalEventsDetailCell.swift */; };
		CE4ACF5426458581009648A9 /* ImageScrollView.swift in Sources */ = {isa = PBXBuildFile; fileRef = CE4ACF5326458581009648A9 /* ImageScrollView.swift */; };
		CE6E6A6A265CE1CD00438FF7 /* MainContainerVC.swift in Sources */ = {isa = PBXBuildFile; fileRef = CE6E6A69265CE1CD00438FF7 /* MainContainerVC.swift */; };
		CE6E6A6C265CE61100438FF7 /* TabBarMenuItems.swift in Sources */ = {isa = PBXBuildFile; fileRef = CE6E6A6B265CE61100438FF7 /* TabBarMenuItems.swift */; };
		CE6E6A6E265D078400438FF7 /* SideMenuVC.swift in Sources */ = {isa = PBXBuildFile; fileRef = CE6E6A6D265D078400438FF7 /* SideMenuVC.swift */; };
		CE6E6A72265D20FB00438FF7 /* MenuTableCell.swift in Sources */ = {isa = PBXBuildFile; fileRef = CE6E6A71265D20FB00438FF7 /* MenuTableCell.swift */; };
		CE71E4FC263AD2A4001471CE /* Main.storyboard in Resources */ = {isa = PBXBuildFile; fileRef = CE71E4FB263AD2A4001471CE /* Main.storyboard */; };
		CE9CBC4426283740006B1412 /* ShowPhotoVC.swift in Sources */ = {isa = PBXBuildFile; fileRef = CE9CBC4326283740006B1412 /* ShowPhotoVC.swift */; };
		CE9E377626566ADA0012FECA /* screenshot2.png in Resources */ = {isa = PBXBuildFile; fileRef = CE9E377026566ADA0012FECA /* screenshot2.png */; };
		CE9E377726566ADA0012FECA /* screenshot3.png in Resources */ = {isa = PBXBuildFile; fileRef = CE9E377126566ADA0012FECA /* screenshot3.png */; };
		CE9E377826566ADA0012FECA /* screenshot6.png in Resources */ = {isa = PBXBuildFile; fileRef = CE9E377226566ADA0012FECA /* screenshot6.png */; };
		CE9E377926566ADA0012FECA /* screenshot4.png in Resources */ = {isa = PBXBuildFile; fileRef = CE9E377326566ADA0012FECA /* screenshot4.png */; };
		CE9E377A26566ADA0012FECA /* screenshot5.png in Resources */ = {isa = PBXBuildFile; fileRef = CE9E377426566ADA0012FECA /* screenshot5.png */; };
		CE9E377C26566AFB0012FECA /* README.md in Resources */ = {isa = PBXBuildFile; fileRef = CE9E377B26566AFB0012FECA /* README.md */; };
		CEAC31E3260CBFE0003C9EC2 /* AppDelegate.swift in Sources */ = {isa = PBXBuildFile; fileRef = CEAC31E2260CBFE0003C9EC2 /* AppDelegate.swift */; };
		CEAC31E7260CBFE0003C9EC2 /* MainVC.swift in Sources */ = {isa = PBXBuildFile; fileRef = CEAC31E6260CBFE0003C9EC2 /* MainVC.swift */; };
		CEAC31EC260CBFE1003C9EC2 /* Assets.xcassets in Resources */ = {isa = PBXBuildFile; fileRef = CEAC31EB260CBFE1003C9EC2 /* Assets.xcassets */; };
		CEAC31EF260CBFE1003C9EC2 /* LaunchScreen.storyboard in Resources */ = {isa = PBXBuildFile; fileRef = CEAC31ED260CBFE1003C9EC2 /* LaunchScreen.storyboard */; };
		CEAC3202260CCADA003C9EC2 /* MapVC.swift in Sources */ = {isa = PBXBuildFile; fileRef = CEAC3201260CCADA003C9EC2 /* MapVC.swift */; };
		CEAE8BF1264BD17500A47725 /* PersonCell.swift in Sources */ = {isa = PBXBuildFile; fileRef = CEAE8BF0264BD17500A47725 /* PersonCell.swift */; };
		CEAE8BF3264BD25500A47725 /* persons.json in Resources */ = {isa = PBXBuildFile; fileRef = CEAE8BF2264BD25500A47725 /* persons.json */; };
		CEAE8BF5264BD27200A47725 /* Person.swift in Sources */ = {isa = PBXBuildFile; fileRef = CEAE8BF4264BD27200A47725 /* Person.swift */; };
		CEB0F1CF2660CE2A007F68AF /* Helper.swift in Sources */ = {isa = PBXBuildFile; fileRef = CEB0F1CE2660CE2A007F68AF /* Helper.swift */; };
		CECBDB6E265EBA30001532D1 /* MainCollectionView.swift in Sources */ = {isa = PBXBuildFile; fileRef = CECBDB6D265EBA30001532D1 /* MainCollectionView.swift */; };
		CECBDB70265EBE5F001532D1 /* MainCollectionViewCell.swift in Sources */ = {isa = PBXBuildFile; fileRef = CECBDB6F265EBE5F001532D1 /* MainCollectionViewCell.swift */; };
		CEE8C477262092EC0043FCC9 /* MapDetailVCExtensions.swift in Sources */ = {isa = PBXBuildFile; fileRef = CEE8C476262092EC0043FCC9 /* MapDetailVCExtensions.swift */; };
		CEF8154C265EA91C00F3FE64 /* MainViewController.swift in Sources */ = {isa = PBXBuildFile; fileRef = CEF8154B265EA91C00F3FE64 /* MainViewController.swift */; };
		CEF81F0E261896230084211B /* MapVCExtensions.swift in Sources */ = {isa = PBXBuildFile; fileRef = CEF81F0D261896230084211B /* MapVCExtensions.swift */; };
		CEF81F152618B9410084211B /* Sight.swift in Sources */ = {isa = PBXBuildFile; fileRef = CEF81F142618B9410084211B /* Sight.swift */; };
		CEF81F182618B98F0084211B /* sights.json in Resources */ = {isa = PBXBuildFile; fileRef = CEF81F172618B98F0084211B /* sights.json */; };
		CEF81F1D2619049B0084211B /* SightMarkerView.swift in Sources */ = {isa = PBXBuildFile; fileRef = CEF81F1C2619049B0084211B /* SightMarkerView.swift */; };
/* End PBXBuildFile section */

/* Begin PBXFileReference section */
		CE0B43D126501FA20005C194 /* HistoricalEvent.swift */ = {isa = PBXFileReference; lastKnownFileType = sourcecode.swift; path = HistoricalEvent.swift; sourceTree = "<group>"; };
		CE0B43D326501FF40005C194 /* historicalEvents.json */ = {isa = PBXFileReference; fileEncoding = 4; lastKnownFileType = text.json; path = historicalEvents.json; sourceTree = "<group>"; };
		CE0B43D62650227B0005C194 /* HistoricalEventsVC.swift */ = {isa = PBXFileReference; lastKnownFileType = sourcecode.swift; path = HistoricalEventsVC.swift; sourceTree = "<group>"; };
		CE0B43D8265026FA0005C194 /* HistoricalEventCell.swift */ = {isa = PBXFileReference; lastKnownFileType = sourcecode.swift; path = HistoricalEventCell.swift; sourceTree = "<group>"; };
		CE21B744264D436000C06DC4 /* PersonDetail.swift */ = {isa = PBXFileReference; lastKnownFileType = sourcecode.swift; path = PersonDetail.swift; sourceTree = "<group>"; };
		CE21B746264D54E000C06DC4 /* PersonDetailCell.swift */ = {isa = PBXFileReference; lastKnownFileType = sourcecode.swift; path = PersonDetailCell.swift; sourceTree = "<group>"; };
		CE2238D6261F2BF40045C287 /* MapDetailVC.swift */ = {isa = PBXFileReference; lastKnownFileType = sourcecode.swift; path = MapDetailVC.swift; sourceTree = "<group>"; };
		CE2238D8261F3C2A0045C287 /* PhotoCell.swift */ = {isa = PBXFileReference; lastKnownFileType = sourcecode.swift; path = PhotoCell.swift; sourceTree = "<group>"; };
		CE2238D9261F3C2A0045C287 /* PhotoCell.xib */ = {isa = PBXFileReference; lastKnownFileType = file.xib; path = PhotoCell.xib; sourceTree = "<group>"; };
		CE27C0D2264B166800CC8B98 /* PersonVC.swift */ = {isa = PBXFileReference; lastKnownFileType = sourcecode.swift; path = PersonVC.swift; sourceTree = "<group>"; };
		CE34B665265250F700AF2E64 /* Extensions.swift */ = {isa = PBXFileReference; lastKnownFileType = sourcecode.swift; path = Extensions.swift; sourceTree = "<group>"; };
		CE34B66726525AE500AF2E64 /* HistoricalEventsDetail.swift */ = {isa = PBXFileReference; lastKnownFileType = sourcecode.swift; path = HistoricalEventsDetail.swift; sourceTree = "<group>"; };
		CE34B66B26526A8900AF2E64 /* HistoricalEventsDetailCell.swift */ = {isa = PBXFileReference; lastKnownFileType = sourcecode.swift; path = HistoricalEventsDetailCell.swift; sourceTree = "<group>"; };
		CE4ACF5326458581009648A9 /* ImageScrollView.swift */ = {isa = PBXFileReference; lastKnownFileType = sourcecode.swift; path = ImageScrollView.swift; sourceTree = "<group>"; };
		CE6E6A69265CE1CD00438FF7 /* MainContainerVC.swift */ = {isa = PBXFileReference; lastKnownFileType = sourcecode.swift; path = MainContainerVC.swift; sourceTree = "<group>"; };
		CE6E6A6B265CE61100438FF7 /* TabBarMenuItems.swift */ = {isa = PBXFileReference; lastKnownFileType = sourcecode.swift; path = TabBarMenuItems.swift; sourceTree = "<group>"; };
		CE6E6A6D265D078400438FF7 /* SideMenuVC.swift */ = {isa = PBXFileReference; lastKnownFileType = sourcecode.swift; path = SideMenuVC.swift; sourceTree = "<group>"; };
		CE6E6A71265D20FB00438FF7 /* MenuTableCell.swift */ = {isa = PBXFileReference; lastKnownFileType = sourcecode.swift; path = MenuTableCell.swift; sourceTree = "<group>"; };
		CE71E4FB263AD2A4001471CE /* Main.storyboard */ = {isa = PBXFileReference; fileEncoding = 4; lastKnownFileType = file.storyboard; path = Main.storyboard; sourceTree = "<group>"; };
		CE9CBC4326283740006B1412 /* ShowPhotoVC.swift */ = {isa = PBXFileReference; lastKnownFileType = sourcecode.swift; path = ShowPhotoVC.swift; sourceTree = "<group>"; };
		CE9E377026566ADA0012FECA /* screenshot2.png */ = {isa = PBXFileReference; lastKnownFileType = image.png; path = screenshot2.png; sourceTree = "<group>"; };
		CE9E377126566ADA0012FECA /* screenshot3.png */ = {isa = PBXFileReference; lastKnownFileType = image.png; path = screenshot3.png; sourceTree = "<group>"; };
		CE9E377226566ADA0012FECA /* screenshot6.png */ = {isa = PBXFileReference; lastKnownFileType = image.png; path = screenshot6.png; sourceTree = "<group>"; };
		CE9E377326566ADA0012FECA /* screenshot4.png */ = {isa = PBXFileReference; lastKnownFileType = image.png; path = screenshot4.png; sourceTree = "<group>"; };
		CE9E377426566ADA0012FECA /* screenshot5.png */ = {isa = PBXFileReference; lastKnownFileType = image.png; path = screenshot5.png; sourceTree = "<group>"; };
		CE9E377B26566AFB0012FECA /* README.md */ = {isa = PBXFileReference; fileEncoding = 4; lastKnownFileType = net.daringfireball.markdown; path = README.md; sourceTree = "<group>"; };
		CEAC31DF260CBFE0003C9EC2 /* KrasnodarGuide.app */ = {isa = PBXFileReference; explicitFileType = wrapper.application; includeInIndex = 0; path = KrasnodarGuide.app; sourceTree = BUILT_PRODUCTS_DIR; };
		CEAC31E2260CBFE0003C9EC2 /* AppDelegate.swift */ = {isa = PBXFileReference; lastKnownFileType = sourcecode.swift; path = AppDelegate.swift; sourceTree = "<group>"; };
		CEAC31E6260CBFE0003C9EC2 /* MainVC.swift */ = {isa = PBXFileReference; lastKnownFileType = sourcecode.swift; path = MainVC.swift; sourceTree = "<group>"; };
		CEAC31EB260CBFE1003C9EC2 /* Assets.xcassets */ = {isa = PBXFileReference; lastKnownFileType = folder.assetcatalog; path = Assets.xcassets; sourceTree = "<group>"; };
		CEAC31EE260CBFE1003C9EC2 /* Base */ = {isa = PBXFileReference; lastKnownFileType = file.storyboard; name = Base; path = Base.lproj/LaunchScreen.storyboard; sourceTree = "<group>"; };
		CEAC31F0260CBFE1003C9EC2 /* Info.plist */ = {isa = PBXFileReference; lastKnownFileType = text.plist.xml; path = Info.plist; sourceTree = "<group>"; };
		CEAC3201260CCADA003C9EC2 /* MapVC.swift */ = {isa = PBXFileReference; lastKnownFileType = sourcecode.swift; path = MapVC.swift; sourceTree = "<group>"; };
		CEAE8BF0264BD17500A47725 /* PersonCell.swift */ = {isa = PBXFileReference; lastKnownFileType = sourcecode.swift; path = PersonCell.swift; sourceTree = "<group>"; };
		CEAE8BF2264BD25500A47725 /* persons.json */ = {isa = PBXFileReference; fileEncoding = 4; lastKnownFileType = text.json; path = persons.json; sourceTree = "<group>"; };
		CEAE8BF4264BD27200A47725 /* Person.swift */ = {isa = PBXFileReference; lastKnownFileType = sourcecode.swift; path = Person.swift; sourceTree = "<group>"; };
		CEB0F1CE2660CE2A007F68AF /* Helper.swift */ = {isa = PBXFileReference; lastKnownFileType = sourcecode.swift; path = Helper.swift; sourceTree = "<group>"; };
		CECBDB6D265EBA30001532D1 /* MainCollectionView.swift */ = {isa = PBXFileReference; lastKnownFileType = sourcecode.swift; path = MainCollectionView.swift; sourceTree = "<group>"; };
		CECBDB6F265EBE5F001532D1 /* MainCollectionViewCell.swift */ = {isa = PBXFileReference; lastKnownFileType = sourcecode.swift; path = MainCollectionViewCell.swift; sourceTree = "<group>"; };
		CEE8C476262092EC0043FCC9 /* MapDetailVCExtensions.swift */ = {isa = PBXFileReference; lastKnownFileType = sourcecode.swift; path = MapDetailVCExtensions.swift; sourceTree = "<group>"; };
		CEF8154B265EA91C00F3FE64 /* MainViewController.swift */ = {isa = PBXFileReference; lastKnownFileType = sourcecode.swift; path = MainViewController.swift; sourceTree = "<group>"; };
		CEF81F0D261896230084211B /* MapVCExtensions.swift */ = {isa = PBXFileReference; lastKnownFileType = sourcecode.swift; path = MapVCExtensions.swift; sourceTree = "<group>"; };
		CEF81F142618B9410084211B /* Sight.swift */ = {isa = PBXFileReference; lastKnownFileType = sourcecode.swift; path = Sight.swift; sourceTree = "<group>"; };
		CEF81F172618B98F0084211B /* sights.json */ = {isa = PBXFileReference; fileEncoding = 4; lastKnownFileType = text.json; path = sights.json; sourceTree = "<group>"; };
		CEF81F1C2619049B0084211B /* SightMarkerView.swift */ = {isa = PBXFileReference; lastKnownFileType = sourcecode.swift; path = SightMarkerView.swift; sourceTree = "<group>"; };
/* End PBXFileReference section */

/* Begin PBXFrameworksBuildPhase section */
		CEAC31DC260CBFE0003C9EC2 /* Frameworks */ = {
			isa = PBXFrameworksBuildPhase;
			buildActionMask = 2147483647;
			files = (
			);
			runOnlyForDeploymentPostprocessing = 0;
		};
/* End PBXFrameworksBuildPhase section */

/* Begin PBXGroup section */
		CE0B43D5265022570005C194 /* HistoricalEvents */ = {
			isa = PBXGroup;
			children = (
				CE0B43D62650227B0005C194 /* HistoricalEventsVC.swift */,
				CE0B43D8265026FA0005C194 /* HistoricalEventCell.swift */,
				CE34B66726525AE500AF2E64 /* HistoricalEventsDetail.swift */,
				CE34B66B26526A8900AF2E64 /* HistoricalEventsDetailCell.swift */,
			);
			path = HistoricalEvents;
			sourceTree = "<group>";
		};
		CE27C0D4264B167100CC8B98 /* Person */ = {
			isa = PBXGroup;
			children = (
				CE27C0D2264B166800CC8B98 /* PersonVC.swift */,
				CEAE8BF0264BD17500A47725 /* PersonCell.swift */,
				CE21B744264D436000C06DC4 /* PersonDetail.swift */,
				CE21B746264D54E000C06DC4 /* PersonDetailCell.swift */,
			);
			path = Person;
			sourceTree = "<group>";
		};
		CE9CBC42262832E8006B1412 /* Cell */ = {
			isa = PBXGroup;
			children = (
				CE2238D8261F3C2A0045C287 /* PhotoCell.swift */,
				CE2238D9261F3C2A0045C287 /* PhotoCell.xib */,
			);
			path = Cell;
			sourceTree = "<group>";
		};
		CE9E376E26566ADA0012FECA /* Resources */ = {
			isa = PBXGroup;
			children = (
				CE9E377026566ADA0012FECA /* screenshot2.png */,
				CE9E377126566ADA0012FECA /* screenshot3.png */,
				CE9E377226566ADA0012FECA /* screenshot6.png */,
				CE9E377326566ADA0012FECA /* screenshot4.png */,
				CE9E377426566ADA0012FECA /* screenshot5.png */,
			);
			path = Resources;
			sourceTree = "<group>";
		};
		CEAC31D6260CBFE0003C9EC2 = {
			isa = PBXGroup;
			children = (
				CE9E376E26566ADA0012FECA /* Resources */,
				CEAC31E1260CBFE0003C9EC2 /* KrasnodarGuide */,
				CEAC31E0260CBFE0003C9EC2 /* Products */,
				CE9E377B26566AFB0012FECA /* README.md */,
			);
			sourceTree = "<group>";
		};
		CEAC31E0260CBFE0003C9EC2 /* Products */ = {
			isa = PBXGroup;
			children = (
				CEAC31DF260CBFE0003C9EC2 /* KrasnodarGuide.app */,
			);
			name = Products;
			sourceTree = "<group>";
		};
		CEAC31E1260CBFE0003C9EC2 /* KrasnodarGuide */ = {
			isa = PBXGroup;
			children = (
				CEAC31FB260CC279003C9EC2 /* Model */,
				CEAC31FC260CC282003C9EC2 /* View */,
				CEAC31FD260CC289003C9EC2 /* Controller */,
				CEAC31F8260CC217003C9EC2 /* Supporting Files */,
				CEAC31F0260CBFE1003C9EC2 /* Info.plist */,
			);
			path = KrasnodarGuide;
			sourceTree = "<group>";
		};
		CEAC31F8260CC217003C9EC2 /* Supporting Files */ = {
			isa = PBXGroup;
			children = (
				CEAC31EB260CBFE1003C9EC2 /* Assets.xcassets */,
				CEAC31E2260CBFE0003C9EC2 /* AppDelegate.swift */,
				CE34B665265250F700AF2E64 /* Extensions.swift */,
				CEB0F1CE2660CE2A007F68AF /* Helper.swift */,
			);
			path = "Supporting Files";
			sourceTree = "<group>";
		};
		CEAC31FB260CC279003C9EC2 /* Model */ = {
			isa = PBXGroup;
			children = (
				CEAE8BF2264BD25500A47725 /* persons.json */,
				CEF81F172618B98F0084211B /* sights.json */,
				CE0B43D326501FF40005C194 /* historicalEvents.json */,
				CEAE8BF4264BD27200A47725 /* Person.swift */,
				CEF81F142618B9410084211B /* Sight.swift */,
				CEF81F1C2619049B0084211B /* SightMarkerView.swift */,
				CE0B43D126501FA20005C194 /* HistoricalEvent.swift */,
			);
			path = Model;
			sourceTree = "<group>";
		};
		CEAC31FC260CC282003C9EC2 /* View */ = {
			isa = PBXGroup;
			children = (
				CE71E4FB263AD2A4001471CE /* Main.storyboard */,
				CEAC31ED260CBFE1003C9EC2 /* LaunchScreen.storyboard */,
			);
			path = View;
			sourceTree = "<group>";
		};
		CEAC31FD260CC289003C9EC2 /* Controller */ = {
			isa = PBXGroup;
			children = (
				CEF8154D265EABE300F3FE64 /* NewMain */,
				CE0B43D5265022570005C194 /* HistoricalEvents */,
				CE27C0D4264B167100CC8B98 /* Person */,
				CEAC3204260CE167003C9EC2 /* Main */,
				CEF81F0B261895FA0084211B /* Map */,
			);
			path = Controller;
			sourceTree = "<group>";
		};
		CEAC3204260CE167003C9EC2 /* Main */ = {
			isa = PBXGroup;
			children = (
				CEAC31E6260CBFE0003C9EC2 /* MainVC.swift */,
				CE6E6A69265CE1CD00438FF7 /* MainContainerVC.swift */,
				CE6E6A6D265D078400438FF7 /* SideMenuVC.swift */,
				CE6E6A71265D20FB00438FF7 /* MenuTableCell.swift */,
			);
			path = Main;
			sourceTree = "<group>";
		};
		CEE8C474262092CF0043FCC9 /* Detail */ = {
			isa = PBXGroup;
			children = (
				CE2238D6261F2BF40045C287 /* MapDetailVC.swift */,
				CEE8C476262092EC0043FCC9 /* MapDetailVCExtensions.swift */,
				CE9CBC4326283740006B1412 /* ShowPhotoVC.swift */,
				CE4ACF5326458581009648A9 /* ImageScrollView.swift */,
				CE9CBC42262832E8006B1412 /* Cell */,
			);
			path = Detail;
			sourceTree = "<group>";
		};
		CEF8154D265EABE300F3FE64 /* NewMain */ = {
			isa = PBXGroup;
			children = (
				CE6E6A6B265CE61100438FF7 /* TabBarMenuItems.swift */,
				CEF8154B265EA91C00F3FE64 /* MainViewController.swift */,
				CECBDB6D265EBA30001532D1 /* MainCollectionView.swift */,
				CECBDB6F265EBE5F001532D1 /* MainCollectionViewCell.swift */,
			);
			path = NewMain;
			sourceTree = "<group>";
		};
		CEF81F0B261895FA0084211B /* Map */ = {
			isa = PBXGroup;
			children = (
				CEAC3201260CCADA003C9EC2 /* MapVC.swift */,
				CEF81F0D261896230084211B /* MapVCExtensions.swift */,
				CEE8C474262092CF0043FCC9 /* Detail */,
			);
			path = Map;
			sourceTree = "<group>";
		};
/* End PBXGroup section */

/* Begin PBXNativeTarget section */
		CEAC31DE260CBFE0003C9EC2 /* KrasnodarGuide */ = {
			isa = PBXNativeTarget;
			buildConfigurationList = CEAC31F3260CBFE1003C9EC2 /* Build configuration list for PBXNativeTarget "KrasnodarGuide" */;
			buildPhases = (
				CEAC31DB260CBFE0003C9EC2 /* Sources */,
				CEAC31DC260CBFE0003C9EC2 /* Frameworks */,
				CEAC31DD260CBFE0003C9EC2 /* Resources */,
			);
			buildRules = (
			);
			dependencies = (
			);
			name = KrasnodarGuide;
			productName = KrasnodarGuide;
			productReference = CEAC31DF260CBFE0003C9EC2 /* KrasnodarGuide.app */;
			productType = "com.apple.product-type.application";
		};
/* End PBXNativeTarget section */

/* Begin PBXProject section */
		CEAC31D7260CBFE0003C9EC2 /* Project object */ = {
			isa = PBXProject;
			attributes = {
				LastSwiftUpdateCheck = 1240;
				LastUpgradeCheck = 1240;
				TargetAttributes = {
					CEAC31DE260CBFE0003C9EC2 = {
						CreatedOnToolsVersion = 12.4;
					};
				};
			};
			buildConfigurationList = CEAC31DA260CBFE0003C9EC2 /* Build configuration list for PBXProject "KrasnodarGuide" */;
			compatibilityVersion = "Xcode 9.3";
			developmentRegion = en;
			hasScannedForEncodings = 0;
			knownRegions = (
				en,
				Base,
			);
			mainGroup = CEAC31D6260CBFE0003C9EC2;
			productRefGroup = CEAC31E0260CBFE0003C9EC2 /* Products */;
			projectDirPath = "";
			projectRoot = "";
			targets = (
				CEAC31DE260CBFE0003C9EC2 /* KrasnodarGuide */,
			);
		};
/* End PBXProject section */

/* Begin PBXResourcesBuildPhase section */
		CEAC31DD260CBFE0003C9EC2 /* Resources */ = {
			isa = PBXResourcesBuildPhase;
			buildActionMask = 2147483647;
			files = (
				CE9E377926566ADA0012FECA /* screenshot4.png in Resources */,
				CEAC31EF260CBFE1003C9EC2 /* LaunchScreen.storyboard in Resources */,
				CE71E4FC263AD2A4001471CE /* Main.storyboard in Resources */,
				CE9E377626566ADA0012FECA /* screenshot2.png in Resources */,
				CEAE8BF3264BD25500A47725 /* persons.json in Resources */,
				CE9E377A26566ADA0012FECA /* screenshot5.png in Resources */,
				CEF81F182618B98F0084211B /* sights.json in Resources */,
				CEAC31EC260CBFE1003C9EC2 /* Assets.xcassets in Resources */,
				CE9E377726566ADA0012FECA /* screenshot3.png in Resources */,
				CE9E377C26566AFB0012FECA /* README.md in Resources */,
				CE9E377826566ADA0012FECA /* screenshot6.png in Resources */,
				CE0B43D426501FF40005C194 /* historicalEvents.json in Resources */,
				CE2238DB261F3C2A0045C287 /* PhotoCell.xib in Resources */,
			);
			runOnlyForDeploymentPostprocessing = 0;
		};
/* End PBXResourcesBuildPhase section */

/* Begin PBXSourcesBuildPhase section */
		CEAC31DB260CBFE0003C9EC2 /* Sources */ = {
			isa = PBXSourcesBuildPhase;
			buildActionMask = 2147483647;
			files = (
				CE34B66826525AE500AF2E64 /* HistoricalEventsDetail.swift in Sources */,
				CEAC31E7260CBFE0003C9EC2 /* MainVC.swift in Sources */,
				CE2238DA261F3C2A0045C287 /* PhotoCell.swift in Sources */,
				CE0B43D9265026FA0005C194 /* HistoricalEventCell.swift in Sources */,
				CEE8C477262092EC0043FCC9 /* MapDetailVCExtensions.swift in Sources */,
				CEAC3202260CCADA003C9EC2 /* MapVC.swift in Sources */,
				CEAE8BF5264BD27200A47725 /* Person.swift in Sources */,
				CECBDB6E265EBA30001532D1 /* MainCollectionView.swift in Sources */,
				CEAC31E3260CBFE0003C9EC2 /* AppDelegate.swift in Sources */,
				CE6E6A6A265CE1CD00438FF7 /* MainContainerVC.swift in Sources */,
				CE6E6A72265D20FB00438FF7 /* MenuTableCell.swift in Sources */,
				CE34B66C26526A8900AF2E64 /* HistoricalEventsDetailCell.swift in Sources */,
				CE27C0D3264B166800CC8B98 /* PersonVC.swift in Sources */,
				CE4ACF5426458581009648A9 /* ImageScrollView.swift in Sources */,
				CEAE8BF1264BD17500A47725 /* PersonCell.swift in Sources */,
				CE6E6A6E265D078400438FF7 /* SideMenuVC.swift in Sources */,
				CECBDB70265EBE5F001532D1 /* MainCollectionViewCell.swift in Sources */,
				CEB0F1CF2660CE2A007F68AF /* Helper.swift in Sources */,
				CEF81F0E261896230084211B /* MapVCExtensions.swift in Sources */,
				CE9CBC4426283740006B1412 /* ShowPhotoVC.swift in Sources */,
				CE0B43D72650227B0005C194 /* HistoricalEventsVC.swift in Sources */,
				CE21B748264D54E000C06DC4 /* PersonDetailCell.swift in Sources */,
				CEF81F1D2619049B0084211B /* SightMarkerView.swift in Sources */,
				CE34B666265250F700AF2E64 /* Extensions.swift in Sources */,
				CE6E6A6C265CE61100438FF7 /* TabBarMenuItems.swift in Sources */,
				CEF81F152618B9410084211B /* Sight.swift in Sources */,
				CE21B745264D436000C06DC4 /* PersonDetail.swift in Sources */,
				CEF8154C265EA91C00F3FE64 /* MainViewController.swift in Sources */,
				CE2238D7261F2BF40045C287 /* MapDetailVC.swift in Sources */,
				CE0B43D226501FA20005C194 /* HistoricalEvent.swift in Sources */,
			);
			runOnlyForDeploymentPostprocessing = 0;
		};
/* End PBXSourcesBuildPhase section */

/* Begin PBXVariantGroup section */
		CEAC31ED260CBFE1003C9EC2 /* LaunchScreen.storyboard */ = {
			isa = PBXVariantGroup;
			children = (
				CEAC31EE260CBFE1003C9EC2 /* Base */,
			);
			name = LaunchScreen.storyboard;
			sourceTree = "<group>";
		};
/* End PBXVariantGroup section */

/* Begin XCBuildConfiguration section */
		CEAC31F1260CBFE1003C9EC2 /* Debug */ = {
			isa = XCBuildConfiguration;
			buildSettings = {
				ALWAYS_SEARCH_USER_PATHS = NO;
				CLANG_ANALYZER_NONNULL = YES;
				CLANG_ANALYZER_NUMBER_OBJECT_CONVERSION = YES_AGGRESSIVE;
				CLANG_CXX_LANGUAGE_STANDARD = "gnu++14";
				CLANG_CXX_LIBRARY = "libc++";
				CLANG_ENABLE_MODULES = YES;
				CLANG_ENABLE_OBJC_ARC = YES;
				CLANG_ENABLE_OBJC_WEAK = YES;
				CLANG_WARN_BLOCK_CAPTURE_AUTORELEASING = YES;
				CLANG_WARN_BOOL_CONVERSION = YES;
				CLANG_WARN_COMMA = YES;
				CLANG_WARN_CONSTANT_CONVERSION = YES;
				CLANG_WARN_DEPRECATED_OBJC_IMPLEMENTATIONS = YES;
				CLANG_WARN_DIRECT_OBJC_ISA_USAGE = YES_ERROR;
				CLANG_WARN_DOCUMENTATION_COMMENTS = YES;
				CLANG_WARN_EMPTY_BODY = YES;
				CLANG_WARN_ENUM_CONVERSION = YES;
				CLANG_WARN_INFINITE_RECURSION = YES;
				CLANG_WARN_INT_CONVERSION = YES;
				CLANG_WARN_NON_LITERAL_NULL_CONVERSION = YES;
				CLANG_WARN_OBJC_IMPLICIT_RETAIN_SELF = YES;
				CLANG_WARN_OBJC_LITERAL_CONVERSION = YES;
				CLANG_WARN_OBJC_ROOT_CLASS = YES_ERROR;
				CLANG_WARN_QUOTED_INCLUDE_IN_FRAMEWORK_HEADER = YES;
				CLANG_WARN_RANGE_LOOP_ANALYSIS = YES;
				CLANG_WARN_STRICT_PROTOTYPES = YES;
				CLANG_WARN_SUSPICIOUS_MOVE = YES;
				CLANG_WARN_UNGUARDED_AVAILABILITY = YES_AGGRESSIVE;
				CLANG_WARN_UNREACHABLE_CODE = YES;
				CLANG_WARN__DUPLICATE_METHOD_MATCH = YES;
				COPY_PHASE_STRIP = NO;
				DEBUG_INFORMATION_FORMAT = dwarf;
				ENABLE_STRICT_OBJC_MSGSEND = YES;
				ENABLE_TESTABILITY = YES;
				GCC_C_LANGUAGE_STANDARD = gnu11;
				GCC_DYNAMIC_NO_PIC = NO;
				GCC_NO_COMMON_BLOCKS = YES;
				GCC_OPTIMIZATION_LEVEL = 0;
				GCC_PREPROCESSOR_DEFINITIONS = (
					"DEBUG=1",
					"$(inherited)",
				);
				GCC_WARN_64_TO_32_BIT_CONVERSION = YES;
				GCC_WARN_ABOUT_RETURN_TYPE = YES_ERROR;
				GCC_WARN_UNDECLARED_SELECTOR = YES;
				GCC_WARN_UNINITIALIZED_AUTOS = YES_AGGRESSIVE;
				GCC_WARN_UNUSED_FUNCTION = YES;
				GCC_WARN_UNUSED_VARIABLE = YES;
				IPHONEOS_DEPLOYMENT_TARGET = 14.4;
				MTL_ENABLE_DEBUG_INFO = INCLUDE_SOURCE;
				MTL_FAST_MATH = YES;
				ONLY_ACTIVE_ARCH = YES;
				SDKROOT = iphoneos;
				SWIFT_ACTIVE_COMPILATION_CONDITIONS = DEBUG;
				SWIFT_OPTIMIZATION_LEVEL = "-Onone";
			};
			name = Debug;
		};
		CEAC31F2260CBFE1003C9EC2 /* Release */ = {
			isa = XCBuildConfiguration;
			buildSettings = {
				ALWAYS_SEARCH_USER_PATHS = NO;
				CLANG_ANALYZER_NONNULL = YES;
				CLANG_ANALYZER_NUMBER_OBJECT_CONVERSION = YES_AGGRESSIVE;
				CLANG_CXX_LANGUAGE_STANDARD = "gnu++14";
				CLANG_CXX_LIBRARY = "libc++";
				CLANG_ENABLE_MODULES = YES;
				CLANG_ENABLE_OBJC_ARC = YES;
				CLANG_ENABLE_OBJC_WEAK = YES;
				CLANG_WARN_BLOCK_CAPTURE_AUTORELEASING = YES;
				CLANG_WARN_BOOL_CONVERSION = YES;
				CLANG_WARN_COMMA = YES;
				CLANG_WARN_CONSTANT_CONVERSION = YES;
				CLANG_WARN_DEPRECATED_OBJC_IMPLEMENTATIONS = YES;
				CLANG_WARN_DIRECT_OBJC_ISA_USAGE = YES_ERROR;
				CLANG_WARN_DOCUMENTATION_COMMENTS = YES;
				CLANG_WARN_EMPTY_BODY = YES;
				CLANG_WARN_ENUM_CONVERSION = YES;
				CLANG_WARN_INFINITE_RECURSION = YES;
				CLANG_WARN_INT_CONVERSION = YES;
				CLANG_WARN_NON_LITERAL_NULL_CONVERSION = YES;
				CLANG_WARN_OBJC_IMPLICIT_RETAIN_SELF = YES;
				CLANG_WARN_OBJC_LITERAL_CONVERSION = YES;
				CLANG_WARN_OBJC_ROOT_CLASS = YES_ERROR;
				CLANG_WARN_QUOTED_INCLUDE_IN_FRAMEWORK_HEADER = YES;
				CLANG_WARN_RANGE_LOOP_ANALYSIS = YES;
				CLANG_WARN_STRICT_PROTOTYPES = YES;
				CLANG_WARN_SUSPICIOUS_MOVE = YES;
				CLANG_WARN_UNGUARDED_AVAILABILITY = YES_AGGRESSIVE;
				CLANG_WARN_UNREACHABLE_CODE = YES;
				CLANG_WARN__DUPLICATE_METHOD_MATCH = YES;
				COPY_PHASE_STRIP = NO;
				DEBUG_INFORMATION_FORMAT = "dwarf-with-dsym";
				ENABLE_NS_ASSERTIONS = NO;
				ENABLE_STRICT_OBJC_MSGSEND = YES;
				GCC_C_LANGUAGE_STANDARD = gnu11;
				GCC_NO_COMMON_BLOCKS = YES;
				GCC_WARN_64_TO_32_BIT_CONVERSION = YES;
				GCC_WARN_ABOUT_RETURN_TYPE = YES_ERROR;
				GCC_WARN_UNDECLARED_SELECTOR = YES;
				GCC_WARN_UNINITIALIZED_AUTOS = YES_AGGRESSIVE;
				GCC_WARN_UNUSED_FUNCTION = YES;
				GCC_WARN_UNUSED_VARIABLE = YES;
				IPHONEOS_DEPLOYMENT_TARGET = 14.4;
				MTL_ENABLE_DEBUG_INFO = NO;
				MTL_FAST_MATH = YES;
				SDKROOT = iphoneos;
				SWIFT_COMPILATION_MODE = wholemodule;
				SWIFT_OPTIMIZATION_LEVEL = "-O";
				VALIDATE_PRODUCT = YES;
			};
			name = Release;
		};
		CEAC31F4260CBFE1003C9EC2 /* Debug */ = {
			isa = XCBuildConfiguration;
			buildSettings = {
				ASSETCATALOG_COMPILER_APPICON_NAME = AppIcon;
				ASSETCATALOG_COMPILER_GLOBAL_ACCENT_COLOR_NAME = AccentColor;
				CODE_SIGN_IDENTITY = "Apple Development";
				CODE_SIGN_STYLE = Automatic;
				DEVELOPMENT_TEAM = 2PQNZ2TUC3;
				INFOPLIST_FILE = KrasnodarGuide/Info.plist;
				IPHONEOS_DEPLOYMENT_TARGET = 12.2;
				LD_RUNPATH_SEARCH_PATHS = (
					"$(inherited)",
					"@executable_path/Frameworks",
				);
				PRODUCT_BUNDLE_IDENTIFIER = ulkoart.KrasnodarGuide;
				PRODUCT_NAME = "$(TARGET_NAME)";
				PROVISIONING_PROFILE_SPECIFIER = "";
				SWIFT_VERSION = 5.0;
				TARGETED_DEVICE_FAMILY = 1;
			};
			name = Debug;
		};
		CEAC31F5260CBFE1003C9EC2 /* Release */ = {
			isa = XCBuildConfiguration;
			buildSettings = {
				ASSETCATALOG_COMPILER_APPICON_NAME = AppIcon;
				ASSETCATALOG_COMPILER_GLOBAL_ACCENT_COLOR_NAME = AccentColor;
				CODE_SIGN_IDENTITY = "Apple Development";
				CODE_SIGN_STYLE = Automatic;
				DEVELOPMENT_TEAM = 2PQNZ2TUC3;
				INFOPLIST_FILE = KrasnodarGuide/Info.plist;
				IPHONEOS_DEPLOYMENT_TARGET = 12.2;
				LD_RUNPATH_SEARCH_PATHS = (
					"$(inherited)",
					"@executable_path/Frameworks",
				);
				PRODUCT_BUNDLE_IDENTIFIER = ulkoart.KrasnodarGuide;
				PRODUCT_NAME = "$(TARGET_NAME)";
				PROVISIONING_PROFILE_SPECIFIER = "";
				SWIFT_VERSION = 5.0;
				TARGETED_DEVICE_FAMILY = 1;
			};
			name = Release;
		};
/* End XCBuildConfiguration section */

/* Begin XCConfigurationList section */
		CEAC31DA260CBFE0003C9EC2 /* Build configuration list for PBXProject "KrasnodarGuide" */ = {
			isa = XCConfigurationList;
			buildConfigurations = (
				CEAC31F1260CBFE1003C9EC2 /* Debug */,
				CEAC31F2260CBFE1003C9EC2 /* Release */,
			);
			defaultConfigurationIsVisible = 0;
			defaultConfigurationName = Release;
		};
		CEAC31F3260CBFE1003C9EC2 /* Build configuration list for PBXNativeTarget "KrasnodarGuide" */ = {
			isa = XCConfigurationList;
			buildConfigurations = (
				CEAC31F4260CBFE1003C9EC2 /* Debug */,
				CEAC31F5260CBFE1003C9EC2 /* Release */,
			);
			defaultConfigurationIsVisible = 0;
			defaultConfigurationName = Release;
		};
/* End XCConfigurationList section */
	};
	rootObject = CEAC31D7260CBFE0003C9EC2 /* Project object */;
}
